
Microsoft Visual Studio Solution File, Format Version 12.00
# Visual Studio Version 17
VisualStudioVersion = 17.9.34607.119
MinimumVisualStudioVersion = 10.0.40219.1
Project("{9A19103F-16F7-4668-BE54-9A1E7A4F7556}") = "Asp_Net_Ticket", "Asp_Net_Ticket\Asp_Net_Ticket.csproj", "{15A00E6C-16BA-4A53-8937-0B64EF6E26A2}"
EndProject
Global
	GlobalSection(SolutionConfigurationPlatforms) = preSolution
		Debug|Any CPU = Debug|Any CPU
		Release|Any CPU = Release|Any CPU
	EndGlobalSection
	GlobalSection(ProjectConfigurationPlatforms) = postSolution
		{15A00E6C-16BA-4A53-8937-0B64EF6E26A2}.Debug|Any CPU.ActiveCfg = Debug|Any CPU
		{15A00E6C-16BA-4A53-8937-0B64EF6E26A2}.Debug|Any CPU.Build.0 = Debug|Any CPU
		{15A00E6C-16BA-4A53-8937-0B64EF6E26A2}.Release|Any CPU.ActiveCfg = Release|Any CPU
		{15A00E6C-16BA-4A53-8937-0B64EF6E26A2}.Release|Any CPU.Build.0 = Release|Any CPU
	EndGlobalSection
	GlobalSection(SolutionProperties) = preSolution
		HideSolutionNode = FALSE
	EndGlobalSection
	GlobalSection(ExtensibilityGlobals) = postSolution
		SolutionGuid = {3151EC34-1FBC-49A6-9383-48C3D9C9548A}
	EndGlobalSection
EndGlobal
